<?xml version="1.0" encoding="utf-8"?>
<Project ToolsVersion="4.0" xmlns="http://schemas.microsoft.com/developer/msbuild/2003">
  <ItemGroup>
    <ClCompile Include="Frame Rate Controller.cpp" />
    <ClCompile Include="Input Manager.cpp" />
    <ClCompile Include="Main.cpp" />
    <ClCompile Include="Components\Transform.cpp">
      <Filter>Components</Filter>
    </ClCompile>
    <ClCompile Include="Components\Sprite.cpp">
      <Filter>Components</Filter>
    </ClCompile>
    <ClCompile Include="GameObject.cpp" />
    <ClCompile Include="GameObjectManager.cpp" />
    <ClCompile Include="Components\Controller.cpp">
      <Filter>Components</Filter>
    </ClCompile>
    <ClCompile Include="Components\UpDown.cpp">
      <Filter>Components</Filter>
    </ClCompile>
    <ClCompile Include="Components\Component.cpp">
      <Filter>Components</Filter>
    </ClCompile>
    <ClCompile Include="GameObjectFactory.cpp" />
    <ClCompile Include="GraphicsManager.cpp" />
    <ClCompile Include="PhysicsManager.cpp" />
    <ClCompile Include="ResourceManager.cpp" />
    <ClCompile Include="Components\Body.cpp">
      <Filter>Components</Filter>
    </ClCompile>
    <ClCompile Include="CollisionManager.cpp" />
    <ClCompile Include="EventManager.cpp" />
    <ClCompile Include="Components\CharacterAnimations.cpp">
      <Filter>Components</Filter>
    </ClCompile>
    <ClCompile Include="Components\PlayerBehavior.cpp">
      <Filter>Components</Filter>
    </ClCompile>
    <ClCompile Include="Components\BatBehavior.cpp">
      <Filter>Components</Filter>
    </ClCompile>
    <ClCompile Include="Components\Stats.cpp">
      <Filter>Components</Filter>
    </ClCompile>
    <ClCompile Include="Components\OrcBehavior.cpp">
      <Filter>Components</Filter>
    </ClCompile>
    <ClCompile Include="Components\RatBehavior.cpp">
      <Filter>Components</Filter>
    </ClCompile>
    <ClCompile Include="Components\SlimeBehavior.cpp">
      <Filter>Components</Filter>
    </ClCompile>
    <ClCompile Include="Components\TrollBehavior.cpp">
      <Filter>Components</Filter>
    </ClCompile>
    <ClCompile Include="Components\SpiderBehavior.cpp">
      <Filter>Components</Filter>
    </ClCompile>
    <ClCompile Include="Components\AttackZoneBehavior.cpp">
      <Filter>Components</Filter>
    </ClCompile>
    <ClCompile Include="Components\GoblinMeleeBehavior.cpp">
      <Filter>Components</Filter>
    </ClCompile>
    <ClCompile Include="Components\UIBar.cpp">
      <Filter>Components</Filter>
    </ClCompile>
    <ClCompile Include="Components\GoblinRangedBehavior.cpp">
      <Filter>Components</Filter>
    </ClCompile>
    <ClCompile Include="Components\ArrowBehavior.cpp">
      <Filter>Components</Filter>
    </ClCompile>
    <ClCompile Include="Components\MenuBehavior.cpp">
      <Filter>Components</Filter>
    </ClCompile>
    <ClCompile Include="..\Third Party\log\Log.cpp">
      <Filter>Third Party</Filter>
    </ClCompile>
  </ItemGroup>
  <ItemGroup>
    <ClInclude Include="Frame Rate Controller.h" />
    <ClInclude Include="Input Manager.h" />
    <ClInclude Include="Components\Transform.h">
      <Filter>Components</Filter>
    </ClInclude>
    <ClInclude Include="Components\Sprite.h">
      <Filter>Components</Filter>
    </ClInclude>
    <ClInclude Include="GameObject.h" />
    <ClInclude Include="GameObjectManager.h" />
    <ClInclude Include="Components\Controller.h">
      <Filter>Components</Filter>
    </ClInclude>
    <ClInclude Include="Components\UpDown.h">
      <Filter>Components</Filter>
    </ClInclude>
    <ClInclude Include="Components\Component.h">
      <Filter>Components</Filter>
    </ClInclude>
    <ClInclude Include="GameObjectFactory.h" />
    <ClInclude Include="GraphicsManager.h" />
    <ClInclude Include="PhysicsManager.h" />
    <ClInclude Include="ResourceManager.h" />
    <ClInclude Include="Components\Body.h">
      <Filter>Components</Filter>
    </ClInclude>
    <ClInclude Include="CollisionManager.h" />
    <ClInclude Include="EventManager.h" />
    <ClInclude Include="Components\CharacterAnimations.h">
      <Filter>Components</Filter>
    </ClInclude>
    <ClInclude Include="Components\PlayerBehavior.h">
      <Filter>Components</Filter>
    </ClInclude>
    <ClInclude Include="Components\BatBehavior.h">
      <Filter>Components</Filter>
    </ClInclude>
    <ClInclude Include="Components\Stats.h">
      <Filter>Components</Filter>
    </ClInclude>
    <ClInclude Include="Components\OrcBehavior.h">
      <Filter>Components</Filter>
    </ClInclude>
    <ClInclude Include="Components\RatBehavior.h">
      <Filter>Components</Filter>
    </ClInclude>
    <ClInclude Include="Components\SlimeBehavior.h">
      <Filter>Components</Filter>
    </ClInclude>
    <ClInclude Include="Components\TrollBehavior.h">
      <Filter>Components</Filter>
    </ClInclude>
    <ClInclude Include="Components\SpiderBehavior.h">
      <Filter>Components</Filter>
    </ClInclude>
    <ClInclude Include="Components\AttackZoneBehavior.h">
      <Filter>Components</Filter>
    </ClInclude>
    <ClInclude Include="Components\GoblinMeleeBehavior.h">
      <Filter>Components</Filter>
    </ClInclude>
    <ClInclude Include="Components\UIBar.h">
      <Filter>Components</Filter>
    </ClInclude>
    <ClInclude Include="Components\GoblinRangedBehavior.h">
      <Filter>Components</Filter>
    </ClInclude>
    <ClInclude Include="Components\ArrowBehavior.h">
      <Filter>Components</Filter>
    </ClInclude>
    <ClInclude Include="Components\MenuBehavior.h">
      <Filter>Components</Filter>
    </ClInclude>
    <ClInclude Include="..\Third Party\log\Log.h">
      <Filter>Third Party</Filter>
    </ClInclude>
  </ItemGroup>
  <ItemGroup>
    <Filter Include="Components">
      <UniqueIdentifier>{6af19c03-f9c7-4485-950b-0f31b6305cbf}</UniqueIdentifier>
    </Filter>
    <Filter Include="Third Party">
      <UniqueIdentifier>{971d23e7-9e5b-4ade-b0e3-5cc4362d1b11}</UniqueIdentifier>
    </Filter>
  </ItemGroup>
  <ItemGroup>
    <None Include="lighting.frag" />
    <None Include="lighting.vert" />
    <None Include="debug.frag" />
    <None Include="debug.vert" />
    <None Include="UI.vert" />
    <None Include="UI.frag" />
  </ItemGroup>
</Project>